
Microsoft Visual Studio Solution File, Format Version 12.00
# Visual Studio Version 16
VisualStudioVersion = 16.0.31702.278
MinimumVisualStudioVersion = 10.0.40219.1
Project("{9A19103F-16F7-4668-BE54-9A1E7A4F7556}") = "WebServer.App", "WebServer.App\WebServer.App.csproj", "{34A3EBB7-A2C1-45E2-9520-A641931937E2}"
EndProject
Project("{9A19103F-16F7-4668-BE54-9A1E7A4F7556}") = "WebServer", "WebServer\WebServer.csproj", "{A19CACA1-E9C4-4722-B6C8-E543E5AB4509}"
EndProject
Global
	GlobalSection(SolutionConfigurationPlatforms) = preSolution
		Debug|Any CPU = Debug|Any CPU
		Release|Any CPU = Release|Any CPU
	EndGlobalSection
	GlobalSection(ProjectConfigurationPlatforms) = postSolution
		{34A3EBB7-A2C1-45E2-9520-A641931937E2}.Debug|Any CPU.ActiveCfg = Debug|Any CPU
		{34A3EBB7-A2C1-45E2-9520-A641931937E2}.Debug|Any CPU.Build.0 = Debug|Any CPU
		{34A3EBB7-A2C1-45E2-9520-A641931937E2}.Release|Any CPU.ActiveCfg = Release|Any CPU
		{34A3EBB7-A2C1-45E2-9520-A641931937E2}.Release|Any CPU.Build.0 = Release|Any CPU
		{A19CACA1-E9C4-4722-B6C8-E543E5AB4509}.Debug|Any CPU.ActiveCfg = Debug|Any CPU
		{A19CACA1-E9C4-4722-B6C8-E543E5AB4509}.Debug|Any CPU.Build.0 = Debug|Any CPU
		{A19CACA1-E9C4-4722-B6C8-E543E5AB4509}.Release|Any CPU.ActiveCfg = Release|Any CPU
		{A19CACA1-E9C4-4722-B6C8-E543E5AB4509}.Release|Any CPU.Build.0 = Release|Any CPU
	EndGlobalSection
	GlobalSection(SolutionProperties) = preSolution
		HideSolutionNode = FALSE
	EndGlobalSection
	GlobalSection(ExtensibilityGlobals) = postSolution
		SolutionGuid = {7A2CBB74-E79A-4770-8923-F4060CB340E3}
	EndGlobalSection
EndGlobal
